// !$*UTF8*$!
{
	archiveVersion = 1;
	classes = {
	};
	objectVersion = 50;
	objects = {

/* Begin PBXBuildFile section */
		EE4148DC2127145E00FA3B88 /* AppDelegate.swift in Sources */ = {isa = PBXBuildFile; fileRef = EE4148DB2127145E00FA3B88 /* AppDelegate.swift */; };
		EE4148DE2127145E00FA3B88 /* ViewController.swift in Sources */ = {isa = PBXBuildFile; fileRef = EE4148DD2127145E00FA3B88 /* ViewController.swift */; };
		EE4148E12127145E00FA3B88 /* Main.storyboard in Resources */ = {isa = PBXBuildFile; fileRef = EE4148DF2127145E00FA3B88 /* Main.storyboard */; };
		EE4148E42127145E00FA3B88 /* qoc.xcdatamodeld in Sources */ = {isa = PBXBuildFile; fileRef = EE4148E22127145E00FA3B88 /* qoc.xcdatamodeld */; };
		EE4148E62127146500FA3B88 /* Assets.xcassets in Resources */ = {isa = PBXBuildFile; fileRef = EE4148E52127146500FA3B88 /* Assets.xcassets */; };
		EE4148E92127146500FA3B88 /* LaunchScreen.storyboard in Resources */ = {isa = PBXBuildFile; fileRef = EE4148E72127146500FA3B88 /* LaunchScreen.storyboard */; };
		EE4148F42127146600FA3B88 /* qocTests.swift in Sources */ = {isa = PBXBuildFile; fileRef = EE4148F32127146600FA3B88 /* qocTests.swift */; };
		EE4148FF2127146600FA3B88 /* qocUITests.swift in Sources */ = {isa = PBXBuildFile; fileRef = EE4148FE2127146600FA3B88 /* qocUITests.swift */; };
/* End PBXBuildFile section */

/* Begin PBXContainerItemProxy section */
		EE4148F02127146600FA3B88 /* PBXContainerItemProxy */ = {
			isa = PBXContainerItemProxy;
			containerPortal = EE4148D02127145E00FA3B88 /* Project object */;
			proxyType = 1;
			remoteGlobalIDString = EE4148D72127145E00FA3B88;
			remoteInfo = qoc;
		};
		EE4148FB2127146600FA3B88 /* PBXContainerItemProxy */ = {
			isa = PBXContainerItemProxy;
			containerPortal = EE4148D02127145E00FA3B88 /* Project object */;
			proxyType = 1;
			remoteGlobalIDString = EE4148D72127145E00FA3B88;
			remoteInfo = qoc;
		};
/* End PBXContainerItemProxy section */

/* Begin PBXFileReference section */
		EE4148D82127145E00FA3B88 /* qoc.app */ = {isa = PBXFileReference; explicitFileType = wrapper.application; includeInIndex = 0; path = qoc.app; sourceTree = BUILT_PRODUCTS_DIR; };
		EE4148DB2127145E00FA3B88 /* AppDelegate.swift */ = {isa = PBXFileReference; lastKnownFileType = sourcecode.swift; path = AppDelegate.swift; sourceTree = "<group>"; };
		EE4148DD2127145E00FA3B88 /* ViewController.swift */ = {isa = PBXFileReference; lastKnownFileType = sourcecode.swift; path = ViewController.swift; sourceTree = "<group>"; };
		EE4148E02127145E00FA3B88 /* Base */ = {isa = PBXFileReference; lastKnownFileType = file.storyboard; name = Base; path = Base.lproj/Main.storyboard; sourceTree = "<group>"; };
		EE4148E32127145E00FA3B88 /* qoc.xcdatamodel */ = {isa = PBXFileReference; lastKnownFileType = wrapper.xcdatamodel; path = qoc.xcdatamodel; sourceTree = "<group>"; };
		EE4148E52127146500FA3B88 /* Assets.xcassets */ = {isa = PBXFileReference; lastKnownFileType = folder.assetcatalog; path = Assets.xcassets; sourceTree = "<group>"; };
		EE4148E82127146500FA3B88 /* Base */ = {isa = PBXFileReference; lastKnownFileType = file.storyboard; name = Base; path = Base.lproj/LaunchScreen.storyboard; sourceTree = "<group>"; };
		EE4148EA2127146500FA3B88 /* Info.plist */ = {isa = PBXFileReference; lastKnownFileType = text.plist.xml; path = Info.plist; sourceTree = "<group>"; };
		EE4148EF2127146600FA3B88 /* qocTests.xctest */ = {isa = PBXFileReference; explicitFileType = wrapper.cfbundle; includeInIndex = 0; path = qocTests.xctest; sourceTree = BUILT_PRODUCTS_DIR; };
		EE4148F32127146600FA3B88 /* qocTests.swift */ = {isa = PBXFileReference; lastKnownFileType = sourcecode.swift; path = qocTests.swift; sourceTree = "<group>"; };
		EE4148F52127146600FA3B88 /* Info.plist */ = {isa = PBXFileReference; lastKnownFileType = text.plist.xml; path = Info.plist; sourceTree = "<group>"; };
		EE4148FA2127146600FA3B88 /* qocUITests.xctest */ = {isa = PBXFileReference; explicitFileType = wrapper.cfbundle; includeInIndex = 0; path = qocUITests.xctest; sourceTree = BUILT_PRODUCTS_DIR; };
		EE4148FE2127146600FA3B88 /* qocUITests.swift */ = {isa = PBXFileReference; lastKnownFileType = sourcecode.swift; path = qocUITests.swift; sourceTree = "<group>"; };
		EE4149002127146600FA3B88 /* Info.plist */ = {isa = PBXFileReference; lastKnownFileType = text.plist.xml; path = Info.plist; sourceTree = "<group>"; };
/* End PBXFileReference section */

/* Begin PBXFrameworksBuildPhase section */
		EE4148D52127145E00FA3B88 /* Frameworks */ = {
			isa = PBXFrameworksBuildPhase;
			buildActionMask = 2147483647;
			files = (
			);
			runOnlyForDeploymentPostprocessing = 0;
		};
		EE4148EC2127146600FA3B88 /* Frameworks */ = {
			isa = PBXFrameworksBuildPhase;
			buildActionMask = 2147483647;
			files = (
			);
			runOnlyForDeploymentPostprocessing = 0;
		};
		EE4148F72127146600FA3B88 /* Frameworks */ = {
			isa = PBXFrameworksBuildPhase;
			buildActionMask = 2147483647;
			files = (
			);
			runOnlyForDeploymentPostprocessing = 0;
		};
/* End PBXFrameworksBuildPhase section */

/* Begin PBXGroup section */
		EE4148CF2127145E00FA3B88 = {
			isa = PBXGroup;
			children = (
				EE4148DA2127145E00FA3B88 /* qoc */,
				EE4148F22127146600FA3B88 /* qocTests */,
				EE4148FD2127146600FA3B88 /* qocUITests */,
				EE4148D92127145E00FA3B88 /* Products */,
			);
			sourceTree = "<group>";
		};
		EE4148D92127145E00FA3B88 /* Products */ = {
			isa = PBXGroup;
			children = (
				EE4148D82127145E00FA3B88 /* qoc.app */,
				EE4148EF2127146600FA3B88 /* qocTests.xctest */,
				EE4148FA2127146600FA3B88 /* qocUITests.xctest */,
			);
			name = Products;
			sourceTree = "<group>";
		};
		EE4148DA2127145E00FA3B88 /* qoc */ = {
			isa = PBXGroup;
			children = (
				EE4148DB2127145E00FA3B88 /* AppDelegate.swift */,
				EE4148DD2127145E00FA3B88 /* ViewController.swift */,
				EE4148DF2127145E00FA3B88 /* Main.storyboard */,
				EE4148E52127146500FA3B88 /* Assets.xcassets */,
				EE4148E72127146500FA3B88 /* LaunchScreen.storyboard */,
				EE4148EA2127146500FA3B88 /* Info.plist */,
				EE4148E22127145E00FA3B88 /* qoc.xcdatamodeld */,
			);
			path = qoc;
			sourceTree = "<group>";
		};
		EE4148F22127146600FA3B88 /* qocTests */ = {
			isa = PBXGroup;
			children = (
				EE4148F32127146600FA3B88 /* qocTests.swift */,
				EE4148F52127146600FA3B88 /* Info.plist */,
			);
			path = qocTests;
			sourceTree = "<group>";
		};
		EE4148FD2127146600FA3B88 /* qocUITests */ = {
			isa = PBXGroup;
			children = (
				EE4148FE2127146600FA3B88 /* qocUITests.swift */,
				EE4149002127146600FA3B88 /* Info.plist */,
			);
			path = qocUITests;
			sourceTree = "<group>";
		};
/* End PBXGroup section */

/* Begin PBXNativeTarget section */
		EE4148D72127145E00FA3B88 /* qoc */ = {
			isa = PBXNativeTarget;
			buildConfigurationList = EE4149032127146600FA3B88 /* Build configuration list for PBXNativeTarget "qoc" */;
			buildPhases = (
				EE4148D42127145E00FA3B88 /* Sources */,
				EE4148D52127145E00FA3B88 /* Frameworks */,
				EE4148D62127145E00FA3B88 /* Resources */,
			);
			buildRules = (
			);
			dependencies = (
			);
			name = qoc;
			productName = qoc;
			productReference = EE4148D82127145E00FA3B88 /* qoc.app */;
			productType = "com.apple.product-type.application";
		};
		EE4148EE2127146600FA3B88 /* qocTests */ = {
			isa = PBXNativeTarget;
			buildConfigurationList = EE4149062127146600FA3B88 /* Build configuration list for PBXNativeTarget "qocTests" */;
			buildPhases = (
				EE4148EB2127146600FA3B88 /* Sources */,
				EE4148EC2127146600FA3B88 /* Frameworks */,
				EE4148ED2127146600FA3B88 /* Resources */,
			);
			buildRules = (
			);
			dependencies = (
				EE4148F12127146600FA3B88 /* PBXTargetDependency */,
			);
			name = qocTests;
			productName = qocTests;
			productReference = EE4148EF2127146600FA3B88 /* qocTests.xctest */;
			productType = "com.apple.product-type.bundle.unit-test";
		};
		EE4148F92127146600FA3B88 /* qocUITests */ = {
			isa = PBXNativeTarget;
			buildConfigurationList = EE4149092127146600FA3B88 /* Build configuration list for PBXNativeTarget "qocUITests" */;
			buildPhases = (
				EE4148F62127146600FA3B88 /* Sources */,
				EE4148F72127146600FA3B88 /* Frameworks */,
				EE4148F82127146600FA3B88 /* Resources */,
			);
			buildRules = (
			);
			dependencies = (
				EE4148FC2127146600FA3B88 /* PBXTargetDependency */,
			);
			name = qocUITests;
			productName = qocUITests;
			productReference = EE4148FA2127146600FA3B88 /* qocUITests.xctest */;
			productType = "com.apple.product-type.bundle.ui-testing";
		};
/* End PBXNativeTarget section */

/* Begin PBXProject section */
		EE4148D02127145E00FA3B88 /* Project object */ = {
			isa = PBXProject;
			attributes = {
				LastSwiftUpdateCheck = 0940;
				LastUpgradeCheck = 0940;
				ORGANIZATIONNAME = "Qoc Health";
				TargetAttributes = {
					EE4148D72127145E00FA3B88 = {
						CreatedOnToolsVersion = 9.4.1;
					};
					EE4148EE2127146600FA3B88 = {
						CreatedOnToolsVersion = 9.4.1;
						TestTargetID = EE4148D72127145E00FA3B88;
					};
					EE4148F92127146600FA3B88 = {
						CreatedOnToolsVersion = 9.4.1;
						TestTargetID = EE4148D72127145E00FA3B88;
					};
				};
			};
			buildConfigurationList = EE4148D32127145E00FA3B88 /* Build configuration list for PBXProject "qoc" */;
			compatibilityVersion = "Xcode 9.3";
			developmentRegion = en;
			hasScannedForEncodings = 0;
			knownRegions = (
				en,
				Base,
			);
			mainGroup = EE4148CF2127145E00FA3B88;
			productRefGroup = EE4148D92127145E00FA3B88 /* Products */;
			projectDirPath = "";
			projectRoot = "";
			targets = (
				EE4148D72127145E00FA3B88 /* qoc */,
				EE4148EE2127146600FA3B88 /* qocTests */,
				EE4148F92127146600FA3B88 /* qocUITests */,
			);
		};
/* End PBXProject section */

/* Begin PBXResourcesBuildPhase section */
		EE4148D62127145E00FA3B88 /* Resources */ = {
			isa = PBXResourcesBuildPhase;
			buildActionMask = 2147483647;
			files = (
				EE4148E92127146500FA3B88 /* LaunchScreen.storyboard in Resources */,
				EE4148E62127146500FA3B88 /* Assets.xcassets in Resources */,
				EE4148E12127145E00FA3B88 /* Main.storyboard in Resources */,
			);
			runOnlyForDeploymentPostprocessing = 0;
		};
		EE4148ED2127146600FA3B88 /* Resources */ = {
			isa = PBXResourcesBuildPhase;
			buildActionMask = 2147483647;
			files = (
			);
			runOnlyForDeploymentPostprocessing = 0;
		};
		EE4148F82127146600FA3B88 /* Resources */ = {
			isa = PBXResourcesBuildPhase;
			buildActionMask = 2147483647;
			files = (
			);
			runOnlyForDeploymentPostprocessing = 0;
		};
/* End PBXResourcesBuildPhase section */

/* Begin PBXSourcesBuildPhase section */
		EE4148D42127145E00FA3B88 /* Sources */ = {
			isa = PBXSourcesBuildPhase;
			buildActionMask = 2147483647;
			files = (
				EE4148DE2127145E00FA3B88 /* ViewController.swift in Sources */,
				EE4148DC2127145E00FA3B88 /* AppDelegate.swift in Sources */,
				EE4148E42127145E00FA3B88 /* qoc.xcdatamodeld in Sources */,
			);
			runOnlyForDeploymentPostprocessing = 0;
		};
		EE4148EB2127146600FA3B88 /* Sources */ = {
			isa = PBXSourcesBuildPhase;
			buildActionMask = 2147483647;
			files = (
				EE4148F42127146600FA3B88 /* qocTests.swift in Sources */,
			);
			runOnlyForDeploymentPostprocessing = 0;
		};
		EE4148F62127146600FA3B88 /* Sources */ = {
			isa = PBXSourcesBuildPhase;
			buildActionMask = 2147483647;
			files = (
				EE4148FF2127146600FA3B88 /* qocUITests.swift in Sources */,
			);
			runOnlyForDeploymentPostprocessing = 0;
		};
/* End PBXSourcesBuildPhase section */

/* Begin PBXTargetDependency section */
		EE4148F12127146600FA3B88 /* PBXTargetDependency */ = {
			isa = PBXTargetDependency;
			target = EE4148D72127145E00FA3B88 /* qoc */;
			targetProxy = EE4148F02127146600FA3B88 /* PBXContainerItemProxy */;
		};
		EE4148FC2127146600FA3B88 /* PBXTargetDependency */ = {
			isa = PBXTargetDependency;
			target = EE4148D72127145E00FA3B88 /* qoc */;
			targetProxy = EE4148FB2127146600FA3B88 /* PBXContainerItemProxy */;
		};
/* End PBXTargetDependency section */

/* Begin PBXVariantGroup section */
		EE4148DF2127145E00FA3B88 /* Main.storyboard */ = {
			isa = PBXVariantGroup;
			children = (
				EE4148E02127145E00FA3B88 /* Base */,
			);
			name = Main.storyboard;
			sourceTree = "<group>";
		};
		EE4148E72127146500FA3B88 /* LaunchScreen.storyboard */ = {
			isa = PBXVariantGroup;
			children = (
				EE4148E82127146500FA3B88 /* Base */,
			);
			name = LaunchScreen.storyboard;
			sourceTree = "<group>";
		};
/* End PBXVariantGroup section */

/* Begin XCBuildConfiguration section */
		EE4149012127146600FA3B88 /* Debug */ = {
			isa = XCBuildConfiguration;
			buildSettings = {
				ALWAYS_SEARCH_USER_PATHS = NO;
				CLANG_ANALYZER_NONNULL = YES;
				CLANG_ANALYZER_NUMBER_OBJECT_CONVERSION = YES_AGGRESSIVE;
				CLANG_CXX_LANGUAGE_STANDARD = "gnu++14";
				CLANG_CXX_LIBRARY = "libc++";
				CLANG_ENABLE_MODULES = YES;
				CLANG_ENABLE_OBJC_ARC = YES;
				CLANG_ENABLE_OBJC_WEAK = YES;
				CLANG_WARN_BLOCK_CAPTURE_AUTORELEASING = YES;
				CLANG_WARN_BOOL_CONVERSION = YES;
				CLANG_WARN_COMMA = YES;
				CLANG_WARN_CONSTANT_CONVERSION = YES;
				CLANG_WARN_DEPRECATED_OBJC_IMPLEMENTATIONS = YES;
				CLANG_WARN_DIRECT_OBJC_ISA_USAGE = YES_ERROR;
				CLANG_WARN_DOCUMENTATION_COMMENTS = YES;
				CLANG_WARN_EMPTY_BODY = YES;
				CLANG_WARN_ENUM_CONVERSION = YES;
				CLANG_WARN_INFINITE_RECURSION = YES;
				CLANG_WARN_INT_CONVERSION = YES;
				CLANG_WARN_NON_LITERAL_NULL_CONVERSION = YES;
				CLANG_WARN_OBJC_IMPLICIT_RETAIN_SELF = YES;
				CLANG_WARN_OBJC_LITERAL_CONVERSION = YES;
				CLANG_WARN_OBJC_ROOT_CLASS = YES_ERROR;
				CLANG_WARN_RANGE_LOOP_ANALYSIS = YES;
				CLANG_WARN_STRICT_PROTOTYPES = YES;
				CLANG_WARN_SUSPICIOUS_MOVE = YES;
				CLANG_WARN_UNGUARDED_AVAILABILITY = YES_AGGRESSIVE;
				CLANG_WARN_UNREACHABLE_CODE = YES;
				CLANG_WARN__DUPLICATE_METHOD_MATCH = YES;
				CODE_SIGN_IDENTITY = "iPhone Developer";
				COPY_PHASE_STRIP = NO;
				DEBUG_INFORMATION_FORMAT = dwarf;
				ENABLE_STRICT_OBJC_MSGSEND = YES;
				ENABLE_TESTABILITY = YES;
				GCC_C_LANGUAGE_STANDARD = gnu11;
				GCC_DYNAMIC_NO_PIC = NO;
				GCC_NO_COMMON_BLOCKS = YES;
				GCC_OPTIMIZATION_LEVEL = 0;
				GCC_PREPROCESSOR_DEFINITIONS = (
					"DEBUG=1",
					"$(inherited)",
				);
				GCC_WARN_64_TO_32_BIT_CONVERSION = YES;
				GCC_WARN_ABOUT_RETURN_TYPE = YES_ERROR;
				GCC_WARN_UNDECLARED_SELECTOR = YES;
				GCC_WARN_UNINITIALIZED_AUTOS = YES_AGGRESSIVE;
				GCC_WARN_UNUSED_FUNCTION = YES;
				GCC_WARN_UNUSED_VARIABLE = YES;
				IPHONEOS_DEPLOYMENT_TARGET = 11.4;
				MTL_ENABLE_DEBUG_INFO = YES;
				ONLY_ACTIVE_ARCH = YES;
				SDKROOT = iphoneos;
				SWIFT_ACTIVE_COMPILATION_CONDITIONS = DEBUG;
				SWIFT_OPTIMIZATION_LEVEL = "-Onone";
			};
			name = Debug;
		};
		EE4149022127146600FA3B88 /* Release */ = {
			isa = XCBuildConfiguration;
			buildSettings = {
				ALWAYS_SEARCH_USER_PATHS = NO;
				CLANG_ANALYZER_NONNULL = YES;
				CLANG_ANALYZER_NUMBER_OBJECT_CONVERSION = YES_AGGRESSIVE;
				CLANG_CXX_LANGUAGE_STANDARD = "gnu++14";
				CLANG_CXX_LIBRARY = "libc++";
				CLANG_ENABLE_MODULES = YES;
				CLANG_ENABLE_OBJC_ARC = YES;
				CLANG_ENABLE_OBJC_WEAK = YES;
				CLANG_WARN_BLOCK_CAPTURE_AUTORELEASING = YES;
				CLANG_WARN_BOOL_CONVERSION = YES;
				CLANG_WARN_COMMA = YES;
				CLANG_WARN_CONSTANT_CONVERSION = YES;
				CLANG_WARN_DEPRECATED_OBJC_IMPLEMENTATIONS = YES;
				CLANG_WARN_DIRECT_OBJC_ISA_USAGE = YES_ERROR;
				CLANG_WARN_DOCUMENTATION_COMMENTS = YES;
				CLANG_WARN_EMPTY_BODY = YES;
				CLANG_WARN_ENUM_CONVERSION = YES;
				CLANG_WARN_INFINITE_RECURSION = YES;
				CLANG_WARN_INT_CONVERSION = YES;
				CLANG_WARN_NON_LITERAL_NULL_CONVERSION = YES;
				CLANG_WARN_OBJC_IMPLICIT_RETAIN_SELF = YES;
				CLANG_WARN_OBJC_LITERAL_CONVERSION = YES;
				CLANG_WARN_OBJC_ROOT_CLASS = YES_ERROR;
				CLANG_WARN_RANGE_LOOP_ANALYSIS = YES;
				CLANG_WARN_STRICT_PROTOTYPES = YES;
				CLANG_WARN_SUSPICIOUS_MOVE = YES;
				CLANG_WARN_UNGUARDED_AVAILABILITY = YES_AGGRESSIVE;
				CLANG_WARN_UNREACHABLE_CODE = YES;
				CLANG_WARN__DUPLICATE_METHOD_MATCH = YES;
				CODE_SIGN_IDENTITY = "iPhone Developer";
				COPY_PHASE_STRIP = NO;
				DEBUG_INFORMATION_FORMAT = "dwarf-with-dsym";
				ENABLE_NS_ASSERTIONS = NO;
				ENABLE_STRICT_OBJC_MSGSEND = YES;
				GCC_C_LANGUAGE_STANDARD = gnu11;
				GCC_NO_COMMON_BLOCKS = YES;
				GCC_WARN_64_TO_32_BIT_CONVERSION = YES;
				GCC_WARN_ABOUT_RETURN_TYPE = YES_ERROR;
				GCC_WARN_UNDECLARED_SELECTOR = YES;
				GCC_WARN_UNINITIALIZED_AUTOS = YES_AGGRESSIVE;
				GCC_WARN_UNUSED_FUNCTION = YES;
				GCC_WARN_UNUSED_VARIABLE = YES;
				IPHONEOS_DEPLOYMENT_TARGET = 11.4;
				MTL_ENABLE_DEBUG_INFO = NO;
				SDKROOT = iphoneos;
				SWIFT_COMPILATION_MODE = wholemodule;
				SWIFT_OPTIMIZATION_LEVEL = "-O";
				VALIDATE_PRODUCT = YES;
			};
			name = Release;
		};
		EE4149042127146600FA3B88 /* Debug */ = {
			isa = XCBuildConfiguration;
			buildSettings = {
				ASSETCATALOG_COMPILER_APPICON_NAME = AppIcon;
				CODE_SIGN_STYLE = Automatic;
				DEVELOPMENT_TEAM = VKN5LNK84F;
				INFOPLIST_FILE = qoc/Info.plist;
				LD_RUNPATH_SEARCH_PATHS = (
					"$(inherited)",
					"@executable_path/Frameworks",
				);
				PRODUCT_BUNDLE_IDENTIFIER = com.Ambas.rocky;
				PRODUCT_NAME = "$(TARGET_NAME)";
				SWIFT_VERSION = 4.0;
				TARGETED_DEVICE_FAMILY = "1,2";
			};
			name = Debug;
		};
		EE4149052127146600FA3B88 /* Release */ = {
			isa = XCBuildConfiguration;
			buildSettings = {
				ASSETCATALOG_COMPILER_APPICON_NAME = AppIcon;
				CODE_SIGN_STYLE = Automatic;
				DEVELOPMENT_TEAM = VKN5LNK84F;
				INFOPLIST_FILE = qoc/Info.plist;
				LD_RUNPATH_SEARCH_PATHS = (
					"$(inherited)",
					"@executable_path/Frameworks",
				);
				PRODUCT_BUNDLE_IDENTIFIER = com.Ambas.rocky;
				PRODUCT_NAME = "$(TARGET_NAME)";
				SWIFT_VERSION = 4.0;
				TARGETED_DEVICE_FAMILY = "1,2";
			};
			name = Release;
		};
		EE4149072127146600FA3B88 /* Debug */ = {
			isa = XCBuildConfiguration;
			buildSettings = {
				ALWAYS_EMBED_SWIFT_STANDARD_LIBRARIES = YES;
				BUNDLE_LOADER = "$(TEST_HOST)";
				CODE_SIGN_STYLE = Automatic;
				DEVELOPMENT_TEAM = VKN5LNK84F;
				INFOPLIST_FILE = qocTests/Info.plist;
				LD_RUNPATH_SEARCH_PATHS = (
					"$(inherited)",
					"@executable_path/Frameworks",
					"@loader_path/Frameworks",
				);
				PRODUCT_BUNDLE_IDENTIFIER = com.Ambas.qocTests;
				PRODUCT_NAME = "$(TARGET_NAME)";
				SWIFT_VERSION = 4.0;
				TARGETED_DEVICE_FAMILY = "1,2";
				TEST_HOST = "$(BUILT_PRODUCTS_DIR)/qoc.app/qoc";
			};
			name = Debug;
		};
		EE4149082127146600FA3B88 /* Release */ = {
			isa = XCBuildConfiguration;
			buildSettings = {
				ALWAYS_EMBED_SWIFT_STANDARD_LIBRARIES = YES;
				BUNDLE_LOADER = "$(TEST_HOST)";
				CODE_SIGN_STYLE = Automatic;
				DEVELOPMENT_TEAM = VKN5LNK84F;
				INFOPLIST_FILE = qocTests/Info.plist;
				LD_RUNPATH_SEARCH_PATHS = (
					"$(inherited)",
					"@executable_path/Frameworks",
					"@loader_path/Frameworks",
				);
				PRODUCT_BUNDLE_IDENTIFIER = com.Ambas.qocTests;
				PRODUCT_NAME = "$(TARGET_NAME)";
				SWIFT_VERSION = 4.0;
				TARGETED_DEVICE_FAMILY = "1,2";
				TEST_HOST = "$(BUILT_PRODUCTS_DIR)/qoc.app/qoc";
			};
			name = Release;
		};
		EE41490A2127146600FA3B88 /* Debug */ = {
			isa = XCBuildConfiguration;
			buildSettings = {
				ALWAYS_EMBED_SWIFT_STANDARD_LIBRARIES = YES;
				CODE_SIGN_STYLE = Automatic;
				DEVELOPMENT_TEAM = VKN5LNK84F;
				INFOPLIST_FILE = qocUITests/Info.plist;
				LD_RUNPATH_SEARCH_PATHS = (
					"$(inherited)",
					"@executable_path/Frameworks",
					"@loader_path/Frameworks",
				);
				PRODUCT_BUNDLE_IDENTIFIER = com.Ambas.qocUITests;
				PRODUCT_NAME = "$(TARGET_NAME)";
				SWIFT_VERSION = 4.0;
				TARGETED_DEVICE_FAMILY = "1,2";
				TEST_TARGET_NAME = qoc;
			};
			name = Debug;
		};
		EE41490B2127146600FA3B88 /* Release */ = {
			isa = XCBuildConfiguration;
			buildSettings = {
				ALWAYS_EMBED_SWIFT_STANDARD_LIBRARIES = YES;
				CODE_SIGN_STYLE = Automatic;
				DEVELOPMENT_TEAM = VKN5LNK84F;
				INFOPLIST_FILE = qocUITests/Info.plist;
				LD_RUNPATH_SEARCH_PATHS = (
					"$(inherited)",
					"@executable_path/Frameworks",
					"@loader_path/Frameworks",
				);
				PRODUCT_BUNDLE_IDENTIFIER = com.Ambas.qocUITests;
				PRODUCT_NAME = "$(TARGET_NAME)";
				SWIFT_VERSION = 4.0;
				TARGETED_DEVICE_FAMILY = "1,2";
				TEST_TARGET_NAME = qoc;
			};
			name = Release;
		};
/* End XCBuildConfiguration section */

/* Begin XCConfigurationList section */
		EE4148D32127145E00FA3B88 /* Build configuration list for PBXProject "qoc" */ = {
			isa = XCConfigurationList;
			buildConfigurations = (
				EE4149012127146600FA3B88 /* Debug */,
				EE4149022127146600FA3B88 /* Release */,
			);
			defaultConfigurationIsVisible = 0;
			defaultConfigurationName = Release;
		};
		EE4149032127146600FA3B88 /* Build configuration list for PBXNativeTarget "qoc" */ = {
			isa = XCConfigurationList;
			buildConfigurations = (
				EE4149042127146600FA3B88 /* Debug */,
				EE4149052127146600FA3B88 /* Release */,
			);
			defaultConfigurationIsVisible = 0;
			defaultConfigurationName = Release;
		};
		EE4149062127146600FA3B88 /* Build configuration list for PBXNativeTarget "qocTests" */ = {
			isa = XCConfigurationList;
			buildConfigurations = (
				EE4149072127146600FA3B88 /* Debug */,
				EE4149082127146600FA3B88 /* Release */,
			);
			defaultConfigurationIsVisible = 0;
			defaultConfigurationName = Release;
		};
		EE4149092127146600FA3B88 /* Build configuration list for PBXNativeTarget "qocUITests" */ = {
			isa = XCConfigurationList;
			buildConfigurations = (
				EE41490A2127146600FA3B88 /* Debug */,
				EE41490B2127146600FA3B88 /* Release */,
			);
			defaultConfigurationIsVisible = 0;
			defaultConfigurationName = Release;
		};
/* End XCConfigurationList section */

/* Begin XCVersionGroup section */
		EE4148E22127145E00FA3B88 /* qoc.xcdatamodeld */ = {
			isa = XCVersionGroup;
			children = (
				EE4148E32127145E00FA3B88 /* qoc.xcdatamodel */,
			);
			currentVersion = EE4148E32127145E00FA3B88 /* qoc.xcdatamodel */;
			path = qoc.xcdatamodeld;
			sourceTree = "<group>";
			versionGroupType = wrapper.xcdatamodel;
		};
/* End XCVersionGroup section */
	};
	rootObject = EE4148D02127145E00FA3B88 /* Project object */;
}
