// !$*UTF8*$!
{
	archiveVersion = 1;
	classes = {
	};
	objectVersion = 50;
	objects = {

/* Begin PBXBuildFile section */
		2DA9146461CD77B60D4BDB7F /* Pods_qocUITests.framework in Frameworks */ = {isa = PBXBuildFile; fileRef = 13690B9CC17B94C564F523CF /* Pods_qocUITests.framework */; };
		7C2C4BF5A37B6DEE30776AEB /* Pods_qoc.framework in Frameworks */ = {isa = PBXBuildFile; fileRef = 93038FDE9E08ED7D4BCCBCB5 /* Pods_qoc.framework */; };
		E6B6D36E56E5F725FB25EDF6 /* Pods_qocTests.framework in Frameworks */ = {isa = PBXBuildFile; fileRef = 5C2013A31DC60134DE4D102F /* Pods_qocTests.framework */; };
		EE4148DC2127145E00FA3B88 /* AppDelegate.swift in Sources */ = {isa = PBXBuildFile; fileRef = EE4148DB2127145E00FA3B88 /* AppDelegate.swift */; };
		EE4148E12127145E00FA3B88 /* Main.storyboard in Resources */ = {isa = PBXBuildFile; fileRef = EE4148DF2127145E00FA3B88 /* Main.storyboard */; };
		EE4148E42127145E00FA3B88 /* qoc.xcdatamodeld in Sources */ = {isa = PBXBuildFile; fileRef = EE4148E22127145E00FA3B88 /* qoc.xcdatamodeld */; };
		EE4148E62127146500FA3B88 /* Assets.xcassets in Resources */ = {isa = PBXBuildFile; fileRef = EE4148E52127146500FA3B88 /* Assets.xcassets */; };
		EE4148E92127146500FA3B88 /* LaunchScreen.storyboard in Resources */ = {isa = PBXBuildFile; fileRef = EE4148E72127146500FA3B88 /* LaunchScreen.storyboard */; };
		EE4148F42127146600FA3B88 /* qocTests.swift in Sources */ = {isa = PBXBuildFile; fileRef = EE4148F32127146600FA3B88 /* qocTests.swift */; };
		EE4148FF2127146600FA3B88 /* qocUITests.swift in Sources */ = {isa = PBXBuildFile; fileRef = EE4148FE2127146600FA3B88 /* qocUITests.swift */; };
		EE41490F21271BFC00FA3B88 /* ListViewController.swift in Sources */ = {isa = PBXBuildFile; fileRef = EE41490D21271BFC00FA3B88 /* ListViewController.swift */; };
		EE414915212728DA00FA3B88 /* Images.swift in Sources */ = {isa = PBXBuildFile; fileRef = EE414913212728DA00FA3B88 /* Images.swift */; };
		EE414916212728DA00FA3B88 /* Strings.swift in Sources */ = {isa = PBXBuildFile; fileRef = EE414914212728DA00FA3B88 /* Strings.swift */; };
		EE4149192127295D00FA3B88 /* Localizable.strings in Resources */ = {isa = PBXBuildFile; fileRef = EE41491B2127295D00FA3B88 /* Localizable.strings */; };
		EE41491F212798F700FA3B88 /* ListViewCell.swift in Sources */ = {isa = PBXBuildFile; fileRef = EE41491D212798F700FA3B88 /* ListViewCell.swift */; };
		EE414920212798F700FA3B88 /* ListViewCell.xib in Resources */ = {isa = PBXBuildFile; fileRef = EE41491E212798F700FA3B88 /* ListViewCell.xib */; };
		EE4149262127A22900FA3B88 /* DetailViewController.swift in Sources */ = {isa = PBXBuildFile; fileRef = EE4149242127A22900FA3B88 /* DetailViewController.swift */; };
		EE4149272127A22900FA3B88 /* DetailViewController.xib in Resources */ = {isa = PBXBuildFile; fileRef = EE4149252127A22900FA3B88 /* DetailViewController.xib */; };
		EE4149292127A40C00FA3B88 /* Extensions.swift in Sources */ = {isa = PBXBuildFile; fileRef = EE4149282127A40C00FA3B88 /* Extensions.swift */; };
		EE414931212844EC00FA3B88 /* AMStatusView.xib in Resources */ = {isa = PBXBuildFile; fileRef = EE41492F212844EC00FA3B88 /* AMStatusView.xib */; };
		EE414932212844EC00FA3B88 /* AMStatusView.swift in Sources */ = {isa = PBXBuildFile; fileRef = EE414930212844EC00FA3B88 /* AMStatusView.swift */; };
		EE414935212874F200FA3B88 /* AppInfoProvider.swift in Sources */ = {isa = PBXBuildFile; fileRef = EE414934212874F200FA3B88 /* AppInfoProvider.swift */; };
		EE4149372128A15800FA3B88 /* DataManager.swift in Sources */ = {isa = PBXBuildFile; fileRef = EE4149362128A15800FA3B88 /* DataManager.swift */; };
		EEC1F14C2129C8A600BF2831 /* AppleFeed.swift in Sources */ = {isa = PBXBuildFile; fileRef = EEC1F14B2129C8A600BF2831 /* AppleFeed.swift */; };
/* End PBXBuildFile section */

/* Begin PBXContainerItemProxy section */
		EE4148F02127146600FA3B88 /* PBXContainerItemProxy */ = {
			isa = PBXContainerItemProxy;
			containerPortal = EE4148D02127145E00FA3B88 /* Project object */;
			proxyType = 1;
			remoteGlobalIDString = EE4148D72127145E00FA3B88;
			remoteInfo = qoc;
		};
		EE4148FB2127146600FA3B88 /* PBXContainerItemProxy */ = {
			isa = PBXContainerItemProxy;
			containerPortal = EE4148D02127145E00FA3B88 /* Project object */;
			proxyType = 1;
			remoteGlobalIDString = EE4148D72127145E00FA3B88;
			remoteInfo = qoc;
		};
/* End PBXContainerItemProxy section */

/* Begin PBXFileReference section */
		07D531DE67CA89891F85F547 /* Pods-qocUITests.release.xcconfig */ = {isa = PBXFileReference; includeInIndex = 1; lastKnownFileType = text.xcconfig; name = "Pods-qocUITests.release.xcconfig"; path = "Pods/Target Support Files/Pods-qocUITests/Pods-qocUITests.release.xcconfig"; sourceTree = "<group>"; };
		13690B9CC17B94C564F523CF /* Pods_qocUITests.framework */ = {isa = PBXFileReference; explicitFileType = wrapper.framework; includeInIndex = 0; path = Pods_qocUITests.framework; sourceTree = BUILT_PRODUCTS_DIR; };
		461477C43CFA265AA3A6684C /* Pods-qoc.release.xcconfig */ = {isa = PBXFileReference; includeInIndex = 1; lastKnownFileType = text.xcconfig; name = "Pods-qoc.release.xcconfig"; path = "Pods/Target Support Files/Pods-qoc/Pods-qoc.release.xcconfig"; sourceTree = "<group>"; };
		5C2013A31DC60134DE4D102F /* Pods_qocTests.framework */ = {isa = PBXFileReference; explicitFileType = wrapper.framework; includeInIndex = 0; path = Pods_qocTests.framework; sourceTree = BUILT_PRODUCTS_DIR; };
		7949AD41D7C76FA2B37F8A30 /* Pods-qocTests.release.xcconfig */ = {isa = PBXFileReference; includeInIndex = 1; lastKnownFileType = text.xcconfig; name = "Pods-qocTests.release.xcconfig"; path = "Pods/Target Support Files/Pods-qocTests/Pods-qocTests.release.xcconfig"; sourceTree = "<group>"; };
		84564B9BC6931B4765775C09 /* Pods-qocTests.debug.xcconfig */ = {isa = PBXFileReference; includeInIndex = 1; lastKnownFileType = text.xcconfig; name = "Pods-qocTests.debug.xcconfig"; path = "Pods/Target Support Files/Pods-qocTests/Pods-qocTests.debug.xcconfig"; sourceTree = "<group>"; };
		93038FDE9E08ED7D4BCCBCB5 /* Pods_qoc.framework */ = {isa = PBXFileReference; explicitFileType = wrapper.framework; includeInIndex = 0; path = Pods_qoc.framework; sourceTree = BUILT_PRODUCTS_DIR; };
		94F6192E6C72A0F588F73846 /* Pods-qocUITests.debug.xcconfig */ = {isa = PBXFileReference; includeInIndex = 1; lastKnownFileType = text.xcconfig; name = "Pods-qocUITests.debug.xcconfig"; path = "Pods/Target Support Files/Pods-qocUITests/Pods-qocUITests.debug.xcconfig"; sourceTree = "<group>"; };
		EE4148D82127145E00FA3B88 /* qoc.app */ = {isa = PBXFileReference; explicitFileType = wrapper.application; includeInIndex = 0; path = qoc.app; sourceTree = BUILT_PRODUCTS_DIR; };
		EE4148DB2127145E00FA3B88 /* AppDelegate.swift */ = {isa = PBXFileReference; lastKnownFileType = sourcecode.swift; path = AppDelegate.swift; sourceTree = "<group>"; };
		EE4148E02127145E00FA3B88 /* Base */ = {isa = PBXFileReference; lastKnownFileType = file.storyboard; name = Base; path = Base.lproj/Main.storyboard; sourceTree = "<group>"; };
		EE4148E32127145E00FA3B88 /* qoc.xcdatamodel */ = {isa = PBXFileReference; lastKnownFileType = wrapper.xcdatamodel; path = qoc.xcdatamodel; sourceTree = "<group>"; };
		EE4148E52127146500FA3B88 /* Assets.xcassets */ = {isa = PBXFileReference; lastKnownFileType = folder.assetcatalog; path = Assets.xcassets; sourceTree = "<group>"; };
		EE4148E82127146500FA3B88 /* Base */ = {isa = PBXFileReference; lastKnownFileType = file.storyboard; name = Base; path = Base.lproj/LaunchScreen.storyboard; sourceTree = "<group>"; };
		EE4148EA2127146500FA3B88 /* Info.plist */ = {isa = PBXFileReference; lastKnownFileType = text.plist.xml; path = Info.plist; sourceTree = "<group>"; };
		EE4148EF2127146600FA3B88 /* qocTests.xctest */ = {isa = PBXFileReference; explicitFileType = wrapper.cfbundle; includeInIndex = 0; path = qocTests.xctest; sourceTree = BUILT_PRODUCTS_DIR; };
		EE4148F32127146600FA3B88 /* qocTests.swift */ = {isa = PBXFileReference; lastKnownFileType = sourcecode.swift; path = qocTests.swift; sourceTree = "<group>"; };
		EE4148F52127146600FA3B88 /* Info.plist */ = {isa = PBXFileReference; lastKnownFileType = text.plist.xml; path = Info.plist; sourceTree = "<group>"; };
		EE4148FA2127146600FA3B88 /* qocUITests.xctest */ = {isa = PBXFileReference; explicitFileType = wrapper.cfbundle; includeInIndex = 0; path = qocUITests.xctest; sourceTree = BUILT_PRODUCTS_DIR; };
		EE4148FE2127146600FA3B88 /* qocUITests.swift */ = {isa = PBXFileReference; lastKnownFileType = sourcecode.swift; path = qocUITests.swift; sourceTree = "<group>"; };
		EE4149002127146600FA3B88 /* Info.plist */ = {isa = PBXFileReference; lastKnownFileType = text.plist.xml; path = Info.plist; sourceTree = "<group>"; };
		EE41490D21271BFC00FA3B88 /* ListViewController.swift */ = {isa = PBXFileReference; lastKnownFileType = sourcecode.swift; path = ListViewController.swift; sourceTree = "<group>"; };
		EE414913212728DA00FA3B88 /* Images.swift */ = {isa = PBXFileReference; fileEncoding = 4; lastKnownFileType = sourcecode.swift; path = Images.swift; sourceTree = "<group>"; };
		EE414914212728DA00FA3B88 /* Strings.swift */ = {isa = PBXFileReference; fileEncoding = 4; lastKnownFileType = sourcecode.swift; path = Strings.swift; sourceTree = "<group>"; };
		EE41491A2127295D00FA3B88 /* en */ = {isa = PBXFileReference; lastKnownFileType = text.plist.strings; name = en; path = en.lproj/Localizable.strings; sourceTree = "<group>"; };
		EE41491C2127297300FA3B88 /* es */ = {isa = PBXFileReference; lastKnownFileType = text.plist.strings; name = es; path = es.lproj/Localizable.strings; sourceTree = "<group>"; };
		EE41491D212798F700FA3B88 /* ListViewCell.swift */ = {isa = PBXFileReference; lastKnownFileType = sourcecode.swift; path = ListViewCell.swift; sourceTree = "<group>"; };
		EE41491E212798F700FA3B88 /* ListViewCell.xib */ = {isa = PBXFileReference; lastKnownFileType = file.xib; path = ListViewCell.xib; sourceTree = "<group>"; };
		EE4149242127A22900FA3B88 /* DetailViewController.swift */ = {isa = PBXFileReference; lastKnownFileType = sourcecode.swift; path = DetailViewController.swift; sourceTree = "<group>"; };
		EE4149252127A22900FA3B88 /* DetailViewController.xib */ = {isa = PBXFileReference; lastKnownFileType = file.xib; path = DetailViewController.xib; sourceTree = "<group>"; };
		EE4149282127A40C00FA3B88 /* Extensions.swift */ = {isa = PBXFileReference; lastKnownFileType = sourcecode.swift; path = Extensions.swift; sourceTree = "<group>"; };
		EE41492F212844EC00FA3B88 /* AMStatusView.xib */ = {isa = PBXFileReference; fileEncoding = 4; lastKnownFileType = file.xib; path = AMStatusView.xib; sourceTree = "<group>"; };
		EE414930212844EC00FA3B88 /* AMStatusView.swift */ = {isa = PBXFileReference; fileEncoding = 4; lastKnownFileType = sourcecode.swift; path = AMStatusView.swift; sourceTree = "<group>"; };
		EE414934212874F200FA3B88 /* AppInfoProvider.swift */ = {isa = PBXFileReference; lastKnownFileType = sourcecode.swift; path = AppInfoProvider.swift; sourceTree = "<group>"; };
		EE4149362128A15800FA3B88 /* DataManager.swift */ = {isa = PBXFileReference; lastKnownFileType = sourcecode.swift; path = DataManager.swift; sourceTree = "<group>"; };
		EEC1F14B2129C8A600BF2831 /* AppleFeed.swift */ = {isa = PBXFileReference; lastKnownFileType = sourcecode.swift; path = AppleFeed.swift; sourceTree = "<group>"; };
		F3D1F384B65AFA5A2EB82D3B /* Pods-qoc.debug.xcconfig */ = {isa = PBXFileReference; includeInIndex = 1; lastKnownFileType = text.xcconfig; name = "Pods-qoc.debug.xcconfig"; path = "Pods/Target Support Files/Pods-qoc/Pods-qoc.debug.xcconfig"; sourceTree = "<group>"; };
/* End PBXFileReference section */

/* Begin PBXFrameworksBuildPhase section */
		EE4148D52127145E00FA3B88 /* Frameworks */ = {
			isa = PBXFrameworksBuildPhase;
			buildActionMask = 2147483647;
			files = (
				7C2C4BF5A37B6DEE30776AEB /* Pods_qoc.framework in Frameworks */,
			);
			runOnlyForDeploymentPostprocessing = 0;
		};
		EE4148EC2127146600FA3B88 /* Frameworks */ = {
			isa = PBXFrameworksBuildPhase;
			buildActionMask = 2147483647;
			files = (
				E6B6D36E56E5F725FB25EDF6 /* Pods_qocTests.framework in Frameworks */,
			);
			runOnlyForDeploymentPostprocessing = 0;
		};
		EE4148F72127146600FA3B88 /* Frameworks */ = {
			isa = PBXFrameworksBuildPhase;
			buildActionMask = 2147483647;
			files = (
				2DA9146461CD77B60D4BDB7F /* Pods_qocUITests.framework in Frameworks */,
			);
			runOnlyForDeploymentPostprocessing = 0;
		};
/* End PBXFrameworksBuildPhase section */

/* Begin PBXGroup section */
		BB22C2EEBB6400DE765F83F1 /* Frameworks */ = {
			isa = PBXGroup;
			children = (
				93038FDE9E08ED7D4BCCBCB5 /* Pods_qoc.framework */,
				5C2013A31DC60134DE4D102F /* Pods_qocTests.framework */,
				13690B9CC17B94C564F523CF /* Pods_qocUITests.framework */,
			);
			name = Frameworks;
			sourceTree = "<group>";
		};
		D4ECD2ED5B3F19A422C3D055 /* Pods */ = {
			isa = PBXGroup;
			children = (
				F3D1F384B65AFA5A2EB82D3B /* Pods-qoc.debug.xcconfig */,
				461477C43CFA265AA3A6684C /* Pods-qoc.release.xcconfig */,
				84564B9BC6931B4765775C09 /* Pods-qocTests.debug.xcconfig */,
				7949AD41D7C76FA2B37F8A30 /* Pods-qocTests.release.xcconfig */,
				94F6192E6C72A0F588F73846 /* Pods-qocUITests.debug.xcconfig */,
				07D531DE67CA89891F85F547 /* Pods-qocUITests.release.xcconfig */,
			);
			name = Pods;
			sourceTree = "<group>";
		};
		EE4148CF2127145E00FA3B88 = {
			isa = PBXGroup;
			children = (
				EE4148DA2127145E00FA3B88 /* qoc */,
				EE4148F22127146600FA3B88 /* qocTests */,
				EE4148FD2127146600FA3B88 /* qocUITests */,
				EE4148D92127145E00FA3B88 /* Products */,
				D4ECD2ED5B3F19A422C3D055 /* Pods */,
				BB22C2EEBB6400DE765F83F1 /* Frameworks */,
			);
			sourceTree = "<group>";
		};
		EE4148D92127145E00FA3B88 /* Products */ = {
			isa = PBXGroup;
			children = (
				EE4148D82127145E00FA3B88 /* qoc.app */,
				EE4148EF2127146600FA3B88 /* qocTests.xctest */,
				EE4148FA2127146600FA3B88 /* qocUITests.xctest */,
			);
			name = Products;
			sourceTree = "<group>";
		};
		EE4148DA2127145E00FA3B88 /* qoc */ = {
			isa = PBXGroup;
			children = (
				EE4148DB2127145E00FA3B88 /* AppDelegate.swift */,
				EE4149282127A40C00FA3B88 /* Extensions.swift */,
				EE41490C2127198100FA3B88 /* List View */,
				EE4149232127A1FA00FA3B88 /* Detail View */,
				EE414933212874B200FA3B88 /* Data Manager */,
				EE41492A2128436300FA3B88 /* Library */,
				EE4149122127288F00FA3B88 /* SwiftGen */,
				EE41491B2127295D00FA3B88 /* Localizable.strings */,
				EE4148E52127146500FA3B88 /* Assets.xcassets */,
				EE4148E72127146500FA3B88 /* LaunchScreen.storyboard */,
				EE4148EA2127146500FA3B88 /* Info.plist */,
				EE4148E22127145E00FA3B88 /* qoc.xcdatamodeld */,
			);
			path = qoc;
			sourceTree = "<group>";
		};
		EE4148F22127146600FA3B88 /* qocTests */ = {
			isa = PBXGroup;
			children = (
				EE4148F32127146600FA3B88 /* qocTests.swift */,
				EE4148F52127146600FA3B88 /* Info.plist */,
			);
			path = qocTests;
			sourceTree = "<group>";
		};
		EE4148FD2127146600FA3B88 /* qocUITests */ = {
			isa = PBXGroup;
			children = (
				EE4148FE2127146600FA3B88 /* qocUITests.swift */,
				EE4149002127146600FA3B88 /* Info.plist */,
			);
			path = qocUITests;
			sourceTree = "<group>";
		};
		EE41490C2127198100FA3B88 /* List View */ = {
			isa = PBXGroup;
			children = (
				EE4148DF2127145E00FA3B88 /* Main.storyboard */,
				EE41490D21271BFC00FA3B88 /* ListViewController.swift */,
				EE41491D212798F700FA3B88 /* ListViewCell.swift */,
				EE41491E212798F700FA3B88 /* ListViewCell.xib */,
			);
			path = "List View";
			sourceTree = "<group>";
		};
		EE4149122127288F00FA3B88 /* SwiftGen */ = {
			isa = PBXGroup;
			children = (
				EE414913212728DA00FA3B88 /* Images.swift */,
				EE414914212728DA00FA3B88 /* Strings.swift */,
			);
			path = SwiftGen;
			sourceTree = "<group>";
		};
		EE4149232127A1FA00FA3B88 /* Detail View */ = {
			isa = PBXGroup;
			children = (
				EE4149242127A22900FA3B88 /* DetailViewController.swift */,
				EE4149252127A22900FA3B88 /* DetailViewController.xib */,
			);
			path = "Detail View";
			sourceTree = "<group>";
		};
		EE41492A2128436300FA3B88 /* Library */ = {
			isa = PBXGroup;
			children = (
				EE414930212844EC00FA3B88 /* AMStatusView.swift */,
				EE41492F212844EC00FA3B88 /* AMStatusView.xib */,
			);
			path = Library;
			sourceTree = "<group>";
		};
		EE414933212874B200FA3B88 /* Data Manager */ = {
			isa = PBXGroup;
			children = (
				EE414934212874F200FA3B88 /* AppInfoProvider.swift */,
				EE4149362128A15800FA3B88 /* DataManager.swift */,
				EEC1F14B2129C8A600BF2831 /* AppleFeed.swift */,
			);
			path = "Data Manager";
			sourceTree = "<group>";
		};
/* End PBXGroup section */

/* Begin PBXNativeTarget section */
		EE4148D72127145E00FA3B88 /* qoc */ = {
			isa = PBXNativeTarget;
			buildConfigurationList = EE4149032127146600FA3B88 /* Build configuration list for PBXNativeTarget "qoc" */;
			buildPhases = (
				43414F58732743705F1E725F /* [CP] Check Pods Manifest.lock */,
				EE4148D42127145E00FA3B88 /* Sources */,
				EE4148D52127145E00FA3B88 /* Frameworks */,
				EE4148D62127145E00FA3B88 /* Resources */,
				EE4149112127282100FA3B88 /* SwiftGen Script */,
			);
			buildRules = (
			);
			dependencies = (
			);
			name = qoc;
			productName = qoc;
			productReference = EE4148D82127145E00FA3B88 /* qoc.app */;
			productType = "com.apple.product-type.application";
		};
		EE4148EE2127146600FA3B88 /* qocTests */ = {
			isa = PBXNativeTarget;
			buildConfigurationList = EE4149062127146600FA3B88 /* Build configuration list for PBXNativeTarget "qocTests" */;
			buildPhases = (
				27871C703C8132789E552A4C /* [CP] Check Pods Manifest.lock */,
				EE4148EB2127146600FA3B88 /* Sources */,
				EE4148EC2127146600FA3B88 /* Frameworks */,
				EE4148ED2127146600FA3B88 /* Resources */,
			);
			buildRules = (
			);
			dependencies = (
				EE4148F12127146600FA3B88 /* PBXTargetDependency */,
			);
			name = qocTests;
			productName = qocTests;
			productReference = EE4148EF2127146600FA3B88 /* qocTests.xctest */;
			productType = "com.apple.product-type.bundle.unit-test";
		};
		EE4148F92127146600FA3B88 /* qocUITests */ = {
			isa = PBXNativeTarget;
			buildConfigurationList = EE4149092127146600FA3B88 /* Build configuration list for PBXNativeTarget "qocUITests" */;
			buildPhases = (
				5A2B3B0CE2E55F33D0172FAD /* [CP] Check Pods Manifest.lock */,
				EE4148F62127146600FA3B88 /* Sources */,
				EE4148F72127146600FA3B88 /* Frameworks */,
				EE4148F82127146600FA3B88 /* Resources */,
			);
			buildRules = (
			);
			dependencies = (
				EE4148FC2127146600FA3B88 /* PBXTargetDependency */,
			);
			name = qocUITests;
			productName = qocUITests;
			productReference = EE4148FA2127146600FA3B88 /* qocUITests.xctest */;
			productType = "com.apple.product-type.bundle.ui-testing";
		};
/* End PBXNativeTarget section */

/* Begin PBXProject section */
		EE4148D02127145E00FA3B88 /* Project object */ = {
			isa = PBXProject;
			attributes = {
				LastSwiftUpdateCheck = 0940;
				LastUpgradeCheck = 0940;
				ORGANIZATIONNAME = "Qoc Health";
				TargetAttributes = {
					EE4148D72127145E00FA3B88 = {
						CreatedOnToolsVersion = 9.4.1;
					};
					EE4148EE2127146600FA3B88 = {
						CreatedOnToolsVersion = 9.4.1;
						TestTargetID = EE4148D72127145E00FA3B88;
					};
					EE4148F92127146600FA3B88 = {
						CreatedOnToolsVersion = 9.4.1;
						TestTargetID = EE4148D72127145E00FA3B88;
					};
				};
			};
			buildConfigurationList = EE4148D32127145E00FA3B88 /* Build configuration list for PBXProject "qoc" */;
			compatibilityVersion = "Xcode 9.3";
			developmentRegion = en;
			hasScannedForEncodings = 0;
			knownRegions = (
				en,
				Base,
				es,
			);
			mainGroup = EE4148CF2127145E00FA3B88;
			productRefGroup = EE4148D92127145E00FA3B88 /* Products */;
			projectDirPath = "";
			projectRoot = "";
			targets = (
				EE4148D72127145E00FA3B88 /* qoc */,
				EE4148EE2127146600FA3B88 /* qocTests */,
				EE4148F92127146600FA3B88 /* qocUITests */,
			);
		};
/* End PBXProject section */

/* Begin PBXResourcesBuildPhase section */
		EE4148D62127145E00FA3B88 /* Resources */ = {
			isa = PBXResourcesBuildPhase;
			buildActionMask = 2147483647;
			files = (
				EE4148E92127146500FA3B88 /* LaunchScreen.storyboard in Resources */,
				EE4149272127A22900FA3B88 /* DetailViewController.xib in Resources */,
				EE4149192127295D00FA3B88 /* Localizable.strings in Resources */,
				EE414920212798F700FA3B88 /* ListViewCell.xib in Resources */,
				EE4148E62127146500FA3B88 /* Assets.xcassets in Resources */,
				EE414931212844EC00FA3B88 /* AMStatusView.xib in Resources */,
				EE4148E12127145E00FA3B88 /* Main.storyboard in Resources */,
			);
			runOnlyForDeploymentPostprocessing = 0;
		};
		EE4148ED2127146600FA3B88 /* Resources */ = {
			isa = PBXResourcesBuildPhase;
			buildActionMask = 2147483647;
			files = (
			);
			runOnlyForDeploymentPostprocessing = 0;
		};
		EE4148F82127146600FA3B88 /* Resources */ = {
			isa = PBXResourcesBuildPhase;
			buildActionMask = 2147483647;
			files = (
			);
			runOnlyForDeploymentPostprocessing = 0;
		};
/* End PBXResourcesBuildPhase section */

/* Begin PBXShellScriptBuildPhase section */
		27871C703C8132789E552A4C /* [CP] Check Pods Manifest.lock */ = {
			isa = PBXShellScriptBuildPhase;
			buildActionMask = 2147483647;
			files = (
			);
			inputPaths = (
				"${PODS_PODFILE_DIR_PATH}/Podfile.lock",
				"${PODS_ROOT}/Manifest.lock",
			);
			name = "[CP] Check Pods Manifest.lock";
			outputPaths = (
				"$(DERIVED_FILE_DIR)/Pods-qocTests-checkManifestLockResult.txt",
			);
			runOnlyForDeploymentPostprocessing = 0;
			shellPath = /bin/sh;
			shellScript = "diff \"${PODS_PODFILE_DIR_PATH}/Podfile.lock\" \"${PODS_ROOT}/Manifest.lock\" > /dev/null\nif [ $? != 0 ] ; then\n    # print error to STDERR\n    echo \"error: The sandbox is not in sync with the Podfile.lock. Run 'pod install' or update your CocoaPods installation.\" >&2\n    exit 1\nfi\n# This output is used by Xcode 'outputs' to avoid re-running this script phase.\necho \"SUCCESS\" > \"${SCRIPT_OUTPUT_FILE_0}\"\n";
			showEnvVarsInLog = 0;
		};
		43414F58732743705F1E725F /* [CP] Check Pods Manifest.lock */ = {
			isa = PBXShellScriptBuildPhase;
			buildActionMask = 2147483647;
			files = (
			);
			inputPaths = (
				"${PODS_PODFILE_DIR_PATH}/Podfile.lock",
				"${PODS_ROOT}/Manifest.lock",
			);
			name = "[CP] Check Pods Manifest.lock";
			outputPaths = (
				"$(DERIVED_FILE_DIR)/Pods-qoc-checkManifestLockResult.txt",
			);
			runOnlyForDeploymentPostprocessing = 0;
			shellPath = /bin/sh;
			shellScript = "diff \"${PODS_PODFILE_DIR_PATH}/Podfile.lock\" \"${PODS_ROOT}/Manifest.lock\" > /dev/null\nif [ $? != 0 ] ; then\n    # print error to STDERR\n    echo \"error: The sandbox is not in sync with the Podfile.lock. Run 'pod install' or update your CocoaPods installation.\" >&2\n    exit 1\nfi\n# This output is used by Xcode 'outputs' to avoid re-running this script phase.\necho \"SUCCESS\" > \"${SCRIPT_OUTPUT_FILE_0}\"\n";
			showEnvVarsInLog = 0;
		};
		5A2B3B0CE2E55F33D0172FAD /* [CP] Check Pods Manifest.lock */ = {
			isa = PBXShellScriptBuildPhase;
			buildActionMask = 2147483647;
			files = (
			);
			inputPaths = (
				"${PODS_PODFILE_DIR_PATH}/Podfile.lock",
				"${PODS_ROOT}/Manifest.lock",
			);
			name = "[CP] Check Pods Manifest.lock";
			outputPaths = (
				"$(DERIVED_FILE_DIR)/Pods-qocUITests-checkManifestLockResult.txt",
			);
			runOnlyForDeploymentPostprocessing = 0;
			shellPath = /bin/sh;
			shellScript = "diff \"${PODS_PODFILE_DIR_PATH}/Podfile.lock\" \"${PODS_ROOT}/Manifest.lock\" > /dev/null\nif [ $? != 0 ] ; then\n    # print error to STDERR\n    echo \"error: The sandbox is not in sync with the Podfile.lock. Run 'pod install' or update your CocoaPods installation.\" >&2\n    exit 1\nfi\n# This output is used by Xcode 'outputs' to avoid re-running this script phase.\necho \"SUCCESS\" > \"${SCRIPT_OUTPUT_FILE_0}\"\n";
			showEnvVarsInLog = 0;
		};
		EE4149112127282100FA3B88 /* SwiftGen Script */ = {
			isa = PBXShellScriptBuildPhase;
			buildActionMask = 2147483647;
			files = (
			);
			inputPaths = (
			);
			name = "SwiftGen Script";
			outputPaths = (
			);
			runOnlyForDeploymentPostprocessing = 0;
			shellPath = /bin/sh;
			shellScript = "rm -f \"$PROJECT_DIR/qoc/SwiftGen/Images.swift\"\n\"$PROJECT_DIR/Pods/SwiftGen/bin/swiftgen\" images -t swift3 \"$PROJECT_DIR\" --output \"$PROJECT_DIR/qoc/SwiftGen/Images.swift\"\nrm -f \"$PROJECT_DIR/qoc/SwiftGen/Strings.swift\"\n\"$PROJECT_DIR/Pods/SwiftGen/bin/swiftgen\" strings -t swift3 \"$PROJECT_DIR/qoc/en.lproj/Localizable.strings\" --output \"$PROJECT_DIR/qoc/SwiftGen/Strings.swift\"";
		};
/* End PBXShellScriptBuildPhase section */

/* Begin PBXSourcesBuildPhase section */
		EE4148D42127145E00FA3B88 /* Sources */ = {
			isa = PBXSourcesBuildPhase;
			buildActionMask = 2147483647;
			files = (
				EE4148DC2127145E00FA3B88 /* AppDelegate.swift in Sources */,
				EE4149292127A40C00FA3B88 /* Extensions.swift in Sources */,
				EE414915212728DA00FA3B88 /* Images.swift in Sources */,
				EE414916212728DA00FA3B88 /* Strings.swift in Sources */,
				EE414935212874F200FA3B88 /* AppInfoProvider.swift in Sources */,
				EE41490F21271BFC00FA3B88 /* ListViewController.swift in Sources */,
				EE414932212844EC00FA3B88 /* AMStatusView.swift in Sources */,
				EE41491F212798F700FA3B88 /* ListViewCell.swift in Sources */,
				EEC1F14C2129C8A600BF2831 /* AppleFeed.swift in Sources */,
				EE4149372128A15800FA3B88 /* DataManager.swift in Sources */,
				EE4148E42127145E00FA3B88 /* qoc.xcdatamodeld in Sources */,
				EE4149262127A22900FA3B88 /* DetailViewController.swift in Sources */,
			);
			runOnlyForDeploymentPostprocessing = 0;
		};
		EE4148EB2127146600FA3B88 /* Sources */ = {
			isa = PBXSourcesBuildPhase;
			buildActionMask = 2147483647;
			files = (
				EE4148F42127146600FA3B88 /* qocTests.swift in Sources */,
			);
			runOnlyForDeploymentPostprocessing = 0;
		};
		EE4148F62127146600FA3B88 /* Sources */ = {
			isa = PBXSourcesBuildPhase;
			buildActionMask = 2147483647;
			files = (
				EE4148FF2127146600FA3B88 /* qocUITests.swift in Sources */,
			);
			runOnlyForDeploymentPostprocessing = 0;
		};
/* End PBXSourcesBuildPhase section */

/* Begin PBXTargetDependency section */
		EE4148F12127146600FA3B88 /* PBXTargetDependency */ = {
			isa = PBXTargetDependency;
			target = EE4148D72127145E00FA3B88 /* qoc */;
			targetProxy = EE4148F02127146600FA3B88 /* PBXContainerItemProxy */;
		};
		EE4148FC2127146600FA3B88 /* PBXTargetDependency */ = {
			isa = PBXTargetDependency;
			target = EE4148D72127145E00FA3B88 /* qoc */;
			targetProxy = EE4148FB2127146600FA3B88 /* PBXContainerItemProxy */;
		};
/* End PBXTargetDependency section */

/* Begin PBXVariantGroup section */
		EE4148DF2127145E00FA3B88 /* Main.storyboard */ = {
			isa = PBXVariantGroup;
			children = (
				EE4148E02127145E00FA3B88 /* Base */,
			);
			name = Main.storyboard;
			sourceTree = "<group>";
		};
		EE4148E72127146500FA3B88 /* LaunchScreen.storyboard */ = {
			isa = PBXVariantGroup;
			children = (
				EE4148E82127146500FA3B88 /* Base */,
			);
			name = LaunchScreen.storyboard;
			sourceTree = "<group>";
		};
		EE41491B2127295D00FA3B88 /* Localizable.strings */ = {
			isa = PBXVariantGroup;
			children = (
				EE41491A2127295D00FA3B88 /* en */,
				EE41491C2127297300FA3B88 /* es */,
			);
			name = Localizable.strings;
			sourceTree = "<group>";
		};
/* End PBXVariantGroup section */

/* Begin XCBuildConfiguration section */
		EE4149012127146600FA3B88 /* Debug */ = {
			isa = XCBuildConfiguration;
			buildSettings = {
				ALWAYS_SEARCH_USER_PATHS = NO;
				CLANG_ANALYZER_LOCALIZABILITY_NONLOCALIZED = YES;
				CLANG_ANALYZER_NONNULL = YES;
				CLANG_ANALYZER_NUMBER_OBJECT_CONVERSION = YES_AGGRESSIVE;
				CLANG_CXX_LANGUAGE_STANDARD = "gnu++14";
				CLANG_CXX_LIBRARY = "libc++";
				CLANG_ENABLE_MODULES = YES;
				CLANG_ENABLE_OBJC_ARC = YES;
				CLANG_ENABLE_OBJC_WEAK = YES;
				CLANG_WARN_BLOCK_CAPTURE_AUTORELEASING = YES;
				CLANG_WARN_BOOL_CONVERSION = YES;
				CLANG_WARN_COMMA = YES;
				CLANG_WARN_CONSTANT_CONVERSION = YES;
				CLANG_WARN_DEPRECATED_OBJC_IMPLEMENTATIONS = YES;
				CLANG_WARN_DIRECT_OBJC_ISA_USAGE = YES_ERROR;
				CLANG_WARN_DOCUMENTATION_COMMENTS = YES;
				CLANG_WARN_EMPTY_BODY = YES;
				CLANG_WARN_ENUM_CONVERSION = YES;
				CLANG_WARN_INFINITE_RECURSION = YES;
				CLANG_WARN_INT_CONVERSION = YES;
				CLANG_WARN_NON_LITERAL_NULL_CONVERSION = YES;
				CLANG_WARN_OBJC_IMPLICIT_RETAIN_SELF = YES;
				CLANG_WARN_OBJC_LITERAL_CONVERSION = YES;
				CLANG_WARN_OBJC_ROOT_CLASS = YES_ERROR;
				CLANG_WARN_RANGE_LOOP_ANALYSIS = YES;
				CLANG_WARN_STRICT_PROTOTYPES = YES;
				CLANG_WARN_SUSPICIOUS_MOVE = YES;
				CLANG_WARN_UNGUARDED_AVAILABILITY = YES_AGGRESSIVE;
				CLANG_WARN_UNREACHABLE_CODE = YES;
				CLANG_WARN__DUPLICATE_METHOD_MATCH = YES;
				CODE_SIGN_IDENTITY = "iPhone Developer";
				COPY_PHASE_STRIP = NO;
				DEBUG_INFORMATION_FORMAT = dwarf;
				ENABLE_STRICT_OBJC_MSGSEND = YES;
				ENABLE_TESTABILITY = YES;
				GCC_C_LANGUAGE_STANDARD = gnu11;
				GCC_DYNAMIC_NO_PIC = NO;
				GCC_NO_COMMON_BLOCKS = YES;
				GCC_OPTIMIZATION_LEVEL = 0;
				GCC_PREPROCESSOR_DEFINITIONS = (
					"DEBUG=1",
					"$(inherited)",
				);
				GCC_WARN_64_TO_32_BIT_CONVERSION = YES;
				GCC_WARN_ABOUT_RETURN_TYPE = YES_ERROR;
				GCC_WARN_UNDECLARED_SELECTOR = YES;
				GCC_WARN_UNINITIALIZED_AUTOS = YES_AGGRESSIVE;
				GCC_WARN_UNUSED_FUNCTION = YES;
				GCC_WARN_UNUSED_VARIABLE = YES;
				IPHONEOS_DEPLOYMENT_TARGET = 11.4;
				MTL_ENABLE_DEBUG_INFO = YES;
				ONLY_ACTIVE_ARCH = YES;
				SDKROOT = iphoneos;
				SWIFT_ACTIVE_COMPILATION_CONDITIONS = DEBUG;
				SWIFT_OPTIMIZATION_LEVEL = "-Onone";
			};
			name = Debug;
		};
		EE4149022127146600FA3B88 /* Release */ = {
			isa = XCBuildConfiguration;
			buildSettings = {
				ALWAYS_SEARCH_USER_PATHS = NO;
				CLANG_ANALYZER_LOCALIZABILITY_NONLOCALIZED = YES;
				CLANG_ANALYZER_NONNULL = YES;
				CLANG_ANALYZER_NUMBER_OBJECT_CONVERSION = YES_AGGRESSIVE;
				CLANG_CXX_LANGUAGE_STANDARD = "gnu++14";
				CLANG_CXX_LIBRARY = "libc++";
				CLANG_ENABLE_MODULES = YES;
				CLANG_ENABLE_OBJC_ARC = YES;
				CLANG_ENABLE_OBJC_WEAK = YES;
				CLANG_WARN_BLOCK_CAPTURE_AUTORELEASING = YES;
				CLANG_WARN_BOOL_CONVERSION = YES;
				CLANG_WARN_COMMA = YES;
				CLANG_WARN_CONSTANT_CONVERSION = YES;
				CLANG_WARN_DEPRECATED_OBJC_IMPLEMENTATIONS = YES;
				CLANG_WARN_DIRECT_OBJC_ISA_USAGE = YES_ERROR;
				CLANG_WARN_DOCUMENTATION_COMMENTS = YES;
				CLANG_WARN_EMPTY_BODY = YES;
				CLANG_WARN_ENUM_CONVERSION = YES;
				CLANG_WARN_INFINITE_RECURSION = YES;
				CLANG_WARN_INT_CONVERSION = YES;
				CLANG_WARN_NON_LITERAL_NULL_CONVERSION = YES;
				CLANG_WARN_OBJC_IMPLICIT_RETAIN_SELF = YES;
				CLANG_WARN_OBJC_LITERAL_CONVERSION = YES;
				CLANG_WARN_OBJC_ROOT_CLASS = YES_ERROR;
				CLANG_WARN_RANGE_LOOP_ANALYSIS = YES;
				CLANG_WARN_STRICT_PROTOTYPES = YES;
				CLANG_WARN_SUSPICIOUS_MOVE = YES;
				CLANG_WARN_UNGUARDED_AVAILABILITY = YES_AGGRESSIVE;
				CLANG_WARN_UNREACHABLE_CODE = YES;
				CLANG_WARN__DUPLICATE_METHOD_MATCH = YES;
				CODE_SIGN_IDENTITY = "iPhone Developer";
				COPY_PHASE_STRIP = NO;
				DEBUG_INFORMATION_FORMAT = "dwarf-with-dsym";
				ENABLE_NS_ASSERTIONS = NO;
				ENABLE_STRICT_OBJC_MSGSEND = YES;
				GCC_C_LANGUAGE_STANDARD = gnu11;
				GCC_NO_COMMON_BLOCKS = YES;
				GCC_WARN_64_TO_32_BIT_CONVERSION = YES;
				GCC_WARN_ABOUT_RETURN_TYPE = YES_ERROR;
				GCC_WARN_UNDECLARED_SELECTOR = YES;
				GCC_WARN_UNINITIALIZED_AUTOS = YES_AGGRESSIVE;
				GCC_WARN_UNUSED_FUNCTION = YES;
				GCC_WARN_UNUSED_VARIABLE = YES;
				IPHONEOS_DEPLOYMENT_TARGET = 11.4;
				MTL_ENABLE_DEBUG_INFO = NO;
				SDKROOT = iphoneos;
				SWIFT_COMPILATION_MODE = wholemodule;
				SWIFT_OPTIMIZATION_LEVEL = "-O";
				VALIDATE_PRODUCT = YES;
			};
			name = Release;
		};
		EE4149042127146600FA3B88 /* Debug */ = {
			isa = XCBuildConfiguration;
			baseConfigurationReference = F3D1F384B65AFA5A2EB82D3B /* Pods-qoc.debug.xcconfig */;
			buildSettings = {
				ASSETCATALOG_COMPILER_APPICON_NAME = AppIcon;
				CODE_SIGN_STYLE = Automatic;
				DEVELOPMENT_TEAM = VKN5LNK84F;
				INFOPLIST_FILE = qoc/Info.plist;
				LD_RUNPATH_SEARCH_PATHS = (
					"$(inherited)",
					"@executable_path/Frameworks",
				);
				PRODUCT_BUNDLE_IDENTIFIER = com.Ambas.rocky;
				PRODUCT_NAME = "$(TARGET_NAME)";
				SWIFT_VERSION = 4.0;
				TARGETED_DEVICE_FAMILY = "1,2";
			};
			name = Debug;
		};
		EE4149052127146600FA3B88 /* Release */ = {
			isa = XCBuildConfiguration;
			baseConfigurationReference = 461477C43CFA265AA3A6684C /* Pods-qoc.release.xcconfig */;
			buildSettings = {
				ASSETCATALOG_COMPILER_APPICON_NAME = AppIcon;
				CODE_SIGN_STYLE = Automatic;
				DEVELOPMENT_TEAM = VKN5LNK84F;
				INFOPLIST_FILE = qoc/Info.plist;
				LD_RUNPATH_SEARCH_PATHS = (
					"$(inherited)",
					"@executable_path/Frameworks",
				);
				PRODUCT_BUNDLE_IDENTIFIER = com.Ambas.rocky;
				PRODUCT_NAME = "$(TARGET_NAME)";
				SWIFT_VERSION = 4.0;
				TARGETED_DEVICE_FAMILY = "1,2";
			};
			name = Release;
		};
		EE4149072127146600FA3B88 /* Debug */ = {
			isa = XCBuildConfiguration;
			baseConfigurationReference = 84564B9BC6931B4765775C09 /* Pods-qocTests.debug.xcconfig */;
			buildSettings = {
				ALWAYS_EMBED_SWIFT_STANDARD_LIBRARIES = YES;
				BUNDLE_LOADER = "$(TEST_HOST)";
				CODE_SIGN_STYLE = Automatic;
				DEVELOPMENT_TEAM = VKN5LNK84F;
				INFOPLIST_FILE = qocTests/Info.plist;
				LD_RUNPATH_SEARCH_PATHS = (
					"$(inherited)",
					"@executable_path/Frameworks",
					"@loader_path/Frameworks",
				);
				PRODUCT_BUNDLE_IDENTIFIER = com.Ambas.qocTests;
				PRODUCT_NAME = "$(TARGET_NAME)";
				SWIFT_VERSION = 4.0;
				TARGETED_DEVICE_FAMILY = "1,2";
				TEST_HOST = "$(BUILT_PRODUCTS_DIR)/qoc.app/qoc";
			};
			name = Debug;
		};
		EE4149082127146600FA3B88 /* Release */ = {
			isa = XCBuildConfiguration;
			baseConfigurationReference = 7949AD41D7C76FA2B37F8A30 /* Pods-qocTests.release.xcconfig */;
			buildSettings = {
				ALWAYS_EMBED_SWIFT_STANDARD_LIBRARIES = YES;
				BUNDLE_LOADER = "$(TEST_HOST)";
				CODE_SIGN_STYLE = Automatic;
				DEVELOPMENT_TEAM = VKN5LNK84F;
				INFOPLIST_FILE = qocTests/Info.plist;
				LD_RUNPATH_SEARCH_PATHS = (
					"$(inherited)",
					"@executable_path/Frameworks",
					"@loader_path/Frameworks",
				);
				PRODUCT_BUNDLE_IDENTIFIER = com.Ambas.qocTests;
				PRODUCT_NAME = "$(TARGET_NAME)";
				SWIFT_VERSION = 4.0;
				TARGETED_DEVICE_FAMILY = "1,2";
				TEST_HOST = "$(BUILT_PRODUCTS_DIR)/qoc.app/qoc";
			};
			name = Release;
		};
		EE41490A2127146600FA3B88 /* Debug */ = {
			isa = XCBuildConfiguration;
			baseConfigurationReference = 94F6192E6C72A0F588F73846 /* Pods-qocUITests.debug.xcconfig */;
			buildSettings = {
				ALWAYS_EMBED_SWIFT_STANDARD_LIBRARIES = YES;
				CODE_SIGN_STYLE = Automatic;
				DEVELOPMENT_TEAM = VKN5LNK84F;
				INFOPLIST_FILE = qocUITests/Info.plist;
				LD_RUNPATH_SEARCH_PATHS = (
					"$(inherited)",
					"@executable_path/Frameworks",
					"@loader_path/Frameworks",
				);
				PRODUCT_BUNDLE_IDENTIFIER = com.Ambas.qocUITests;
				PRODUCT_NAME = "$(TARGET_NAME)";
				SWIFT_VERSION = 4.0;
				TARGETED_DEVICE_FAMILY = "1,2";
				TEST_TARGET_NAME = qoc;
			};
			name = Debug;
		};
		EE41490B2127146600FA3B88 /* Release */ = {
			isa = XCBuildConfiguration;
			baseConfigurationReference = 07D531DE67CA89891F85F547 /* Pods-qocUITests.release.xcconfig */;
			buildSettings = {
				ALWAYS_EMBED_SWIFT_STANDARD_LIBRARIES = YES;
				CODE_SIGN_STYLE = Automatic;
				DEVELOPMENT_TEAM = VKN5LNK84F;
				INFOPLIST_FILE = qocUITests/Info.plist;
				LD_RUNPATH_SEARCH_PATHS = (
					"$(inherited)",
					"@executable_path/Frameworks",
					"@loader_path/Frameworks",
				);
				PRODUCT_BUNDLE_IDENTIFIER = com.Ambas.qocUITests;
				PRODUCT_NAME = "$(TARGET_NAME)";
				SWIFT_VERSION = 4.0;
				TARGETED_DEVICE_FAMILY = "1,2";
				TEST_TARGET_NAME = qoc;
			};
			name = Release;
		};
/* End XCBuildConfiguration section */

/* Begin XCConfigurationList section */
		EE4148D32127145E00FA3B88 /* Build configuration list for PBXProject "qoc" */ = {
			isa = XCConfigurationList;
			buildConfigurations = (
				EE4149012127146600FA3B88 /* Debug */,
				EE4149022127146600FA3B88 /* Release */,
			);
			defaultConfigurationIsVisible = 0;
			defaultConfigurationName = Release;
		};
		EE4149032127146600FA3B88 /* Build configuration list for PBXNativeTarget "qoc" */ = {
			isa = XCConfigurationList;
			buildConfigurations = (
				EE4149042127146600FA3B88 /* Debug */,
				EE4149052127146600FA3B88 /* Release */,
			);
			defaultConfigurationIsVisible = 0;
			defaultConfigurationName = Release;
		};
		EE4149062127146600FA3B88 /* Build configuration list for PBXNativeTarget "qocTests" */ = {
			isa = XCConfigurationList;
			buildConfigurations = (
				EE4149072127146600FA3B88 /* Debug */,
				EE4149082127146600FA3B88 /* Release */,
			);
			defaultConfigurationIsVisible = 0;
			defaultConfigurationName = Release;
		};
		EE4149092127146600FA3B88 /* Build configuration list for PBXNativeTarget "qocUITests" */ = {
			isa = XCConfigurationList;
			buildConfigurations = (
				EE41490A2127146600FA3B88 /* Debug */,
				EE41490B2127146600FA3B88 /* Release */,
			);
			defaultConfigurationIsVisible = 0;
			defaultConfigurationName = Release;
		};
/* End XCConfigurationList section */

/* Begin XCVersionGroup section */
		EE4148E22127145E00FA3B88 /* qoc.xcdatamodeld */ = {
			isa = XCVersionGroup;
			children = (
				EE4148E32127145E00FA3B88 /* qoc.xcdatamodel */,
			);
			currentVersion = EE4148E32127145E00FA3B88 /* qoc.xcdatamodel */;
			path = qoc.xcdatamodeld;
			sourceTree = "<group>";
			versionGroupType = wrapper.xcdatamodel;
		};
/* End XCVersionGroup section */
	};
	rootObject = EE4148D02127145E00FA3B88 /* Project object */;
}
